
Microsoft Visual Studio Solution File, Format Version 12.00
# Visual Studio Version 16
VisualStudioVersion = 16.0.31727.386
MinimumVisualStudioVersion = 10.0.40219.1
Project("{FAE04EC0-301F-11D3-BF4B-00C04F79EFBC}") = "ModPack21341", "ModPack\ModPack21341.csproj", "{77C08347-801F-4462-9D06-527AC99A461C}"
EndProject
Global
	GlobalSection(SolutionConfigurationPlatforms) = preSolution
		Debug|Any CPU = Debug|Any CPU
		Release|Any CPU = Release|Any CPU
	EndGlobalSection
	GlobalSection(ProjectConfigurationPlatforms) = postSolution
		{77C08347-801F-4462-9D06-527AC99A461C}.Debug|Any CPU.ActiveCfg = Debug|Any CPU
		{77C08347-801F-4462-9D06-527AC99A461C}.Debug|Any CPU.Build.0 = Debug|Any CPU
		{77C08347-801F-4462-9D06-527AC99A461C}.Release|Any CPU.ActiveCfg = Release|Any CPU
		{77C08347-801F-4462-9D06-527AC99A461C}.Release|Any CPU.Build.0 = Release|Any CPU
	EndGlobalSection
	GlobalSection(SolutionProperties) = preSolution
		HideSolutionNode = FALSE
	EndGlobalSection
	GlobalSection(ExtensibilityGlobals) = postSolution
		SolutionGuid = {6CA96F10-F40B-44D9-8136-2B4B750EBA5F}
	EndGlobalSection
EndGlobal
